
Microsoft Visual Studio Solution File, Format Version 12.00
# Visual Studio Version 17
VisualStudioVersion = 17.4.33103.184
MinimumVisualStudioVersion = 10.0.40219.1
Project("{FAE04EC0-301F-11D3-BF4B-00C04F79EFBC}") = "DemoDemoDemo", "DemoDemoDemo\DemoDemoDemo.csproj", "{2BB1CA59-5E7F-4655-B3E5-F97CF377C31A}"
EndProject
Global
	GlobalSection(SolutionConfigurationPlatforms) = preSolution
		Debug|Any CPU = Debug|Any CPU
		Release|Any CPU = Release|Any CPU
	EndGlobalSection
	GlobalSection(ProjectConfigurationPlatforms) = postSolution
		{2BB1CA59-5E7F-4655-B3E5-F97CF377C31A}.Debug|Any CPU.ActiveCfg = Debug|Any CPU
		{2BB1CA59-5E7F-4655-B3E5-F97CF377C31A}.Debug|Any CPU.Build.0 = Debug|Any CPU
		{2BB1CA59-5E7F-4655-B3E5-F97CF377C31A}.Release|Any CPU.ActiveCfg = Release|Any CPU
		{2BB1CA59-5E7F-4655-B3E5-F97CF377C31A}.Release|Any CPU.Build.0 = Release|Any CPU
	EndGlobalSection
	GlobalSection(SolutionProperties) = preSolution
		HideSolutionNode = FALSE
	EndGlobalSection
	GlobalSection(ExtensibilityGlobals) = postSolution
		SolutionGuid = {365DEB34-46F5-4C39-8025-4F233E9CACC3}
	EndGlobalSection
EndGlobal
